{"1.2.0",
[{<<"amqp_client">>,{pkg,<<"amqp_client">>,<<"3.12.14">>},1},
 {<<"amqp_cron">>,
  {git_subdir,"https://github.com/kageds/kazoo_core.git",
              {ref,"ed5f10a81b666935a15cf6cec72a63f5b45c5c62"},
              "apps/amqp_cron"},
  0},
 {<<"amqp_leader">>,
  {git_subdir,"https://github.com/kageds/kazoo_core.git",
              {ref,"ed5f10a81b666935a15cf6cec72a63f5b45c5c62"},
              "apps/amqp_leader"},
  0},
 {<<"apns">>,
  {git,"https://github.com/2600hz/erlang-apns4erl.git",
       {ref,"685e1d7368f31e8b1f949581a6def800fdebee49"}},
  0},
 {<<"base16">>,{pkg,<<"base16">>,<<"1.0.0">>},2},
 {<<"base64url">>,{pkg,<<"base64url">>,<<"0.0.1">>},1},
 {<<"bear">>,{pkg,<<"bear">>,<<"1.0.0">>},1},
 {<<"certifi">>,{pkg,<<"certifi">>,<<"0.7.0">>},0},
 {<<"couchbeam">>,
  {git,"https://github.com/2600hz/erlang-couchbeam",
       {ref,"28fce6c340de83f4792d45224c29ec729b8e264d"}},
  0},
 {<<"cowboy">>,
  {git,"https://github.com/kageds/erlang-cowboy",
       {ref,"01193fccaed6a721c36a871b997ebf84885c53d3"}},
  0},
 {<<"cowlib">>,
  {git,"https://github.com/ninenines/cowlib",
       {ref,"1b5539a1da1d39b110d81b118000f00bbedaf4b4"}},
  1},
 {<<"credentials_obfuscation">>,
  {pkg,<<"credentials_obfuscation">>,<<"3.4.0">>},
  2},
 {<<"ecsv">>,
  {git,"https://github.com/lazedo/ecsv",
       {ref,"db4e2708b1f3fa8f34bad9ada3ae57e136914a2b"}},
  0},
 {<<"eini">>,{pkg,<<"eini">>,<<"1.2.5">>},2},
 {<<"eper">>,
  {git,"http://github.com/basho/eper.git",
       {ref,"d8a11d67938962db3089cd3752f0c1769c4b7d37"}},
  1},
 {<<"erlang_localtime">>,{pkg,<<"erlang_localtime">>,<<"1.0.0">>},0},
 {<<"erlazure">>,
  {git,"https://github.com/lazedo/erlazure.git",
       {ref,"6d934283d59dda17abb3065460a83e108718fca6"}},
  0},
 {<<"erlcloud">>,
  {git,"https://github.com/erlcloud/erlcloud",
       {ref,"6a3434e107fb1fecb5afeb9482a31696517eb5da"}},
  1},
 {<<"erlydtl">>,{pkg,<<"erlydtl">>,<<"0.14.0">>},0},
 {<<"eunit_formatters">>,
  {git,"https://github.com/seancribbs/eunit_formatters",
       {ref,"473e0cd89bf5608e97886a3bdf9047a16edc88f0"}},
  0},
 {<<"fcm">>,
  {git,"https://github.com/softwarejoint/fcm-erlang.git",
       {ref,"b2f68a4c6f0f59475597a35e2dc9be13d9ba2910"}},
  0},
 {<<"folsom">>,{pkg,<<"folsom">>,<<"1.0.0">>},0},
 {<<"fusco">>,
  {git,"https://github.com/esl/fusco.git",
       {ref,"0a428471aefb3a38207c2141249181e6c018e565"}},
  0},
 {<<"gen_smtp">>,
  {git,"https://github.com/2600hz/erlang-gen_smtp",
       {ref,"3f80bfcd4fd8704739d264eb4d5005d4392f2a35"}},
  0},
 {<<"goldrush">>,{pkg,<<"goldrush">>,<<"0.1.9">>},1},
 {<<"gproc">>,{pkg,<<"gproc">>,<<"1.0.0">>},0},
 {<<"gun">>,{pkg,<<"gun">>,<<"1.3.0">>},1},
 {<<"hackney">>,{pkg,<<"hackney">>,<<"1.6.4">>},1},
 {<<"hamcrest">>,
  {git,"https://github.com/basho/hamcrest-erlang.git",
       {ref,"98bc7aa19ea081478c816824aa05fc5a48acae66"}},
  1},
 {<<"hep">>,
  {git,"https://github.com/lazedo/hep",
       {ref,"5f18e91e45d49d3d7013fc93897d5c12441d86d8"}},
  0},
 {<<"idna">>,{pkg,<<"idna">>,<<"6.1.1">>},0},
 {<<"inet_cidr">>,
  {git,"https://github.com/2600hz/erlang-inet_cidr.git",
       {ref,"c7b70ce76dc6b02bd5618bee93a04b85835b447f"}},
  0},
 {<<"jesse">>,
  {git,"https://github.com/for-GET/jesse",
       {ref,"4a7bfb5840c186502efd91a282ff73ac812a525d"}},
  0},
 {<<"jiffy">>,{pkg,<<"jiffy">>,<<"1.1.2">>},0},
 {<<"jsx">>,{pkg,<<"jsx">>,<<"2.8.0">>},0},
 {<<"kazoo">>,
  {git_subdir,"https://github.com/kageds/kazoo_core.git",
              {ref,"ed5f10a81b666935a15cf6cec72a63f5b45c5c62"},
              "apps/kazoo"},
  0},
 {<<"kazoo_amqp">>,
  {git_subdir,"https://github.com/kageds/kazoo_core.git",
              {ref,"ed5f10a81b666935a15cf6cec72a63f5b45c5c62"},
              "apps/kazoo_amqp"},
  0},
 {<<"kazoo_apps">>,
  {git_subdir,"https://github.com/kageds/kazoo_core.git",
              {ref,"e51f2e6b58f2879b21cd8ba90598353f4abb5ef3"},
              "apps/kazoo_apps"},
  0},
 {<<"kazoo_ast">>,
  {git_subdir,"https://github.com/kageds/kazoo_core.git",
              {ref,"ed5f10a81b666935a15cf6cec72a63f5b45c5c62"},
              "apps/kazoo_ast"},
  0},
 {<<"kazoo_attachments">>,
  {git_subdir,"https://github.com/kageds/kazoo_core.git",
              {ref,"ed5f10a81b666935a15cf6cec72a63f5b45c5c62"},
              "apps/kazoo_attachments"},
  0},
 {<<"kazoo_auth">>,
  {git_subdir,"https://github.com/kageds/kazoo_core.git",
              {ref,"ed5f10a81b666935a15cf6cec72a63f5b45c5c62"},
              "apps/kazoo_auth"},
  0},
 {<<"kazoo_bindings">>,
  {git_subdir,"https://github.com/kageds/kazoo_core.git",
              {ref,"ed5f10a81b666935a15cf6cec72a63f5b45c5c62"},
              "apps/kazoo_bindings"},
  0},
 {<<"kazoo_caches">>,
  {git_subdir,"https://github.com/kageds/kazoo_core.git",
              {ref,"ed5f10a81b666935a15cf6cec72a63f5b45c5c62"},
              "apps/kazoo_caches"},
  0},
 {<<"kazoo_call">>,
  {git_subdir,"https://github.com/kageds/kazoo_core.git",
              {ref,"ed5f10a81b666935a15cf6cec72a63f5b45c5c62"},
              "apps/kazoo_call"},
  0},
 {<<"kazoo_config">>,
  {git_subdir,"https://github.com/kageds/kazoo_core.git",
              {ref,"ed5f10a81b666935a15cf6cec72a63f5b45c5c62"},
              "apps/kazoo_config"},
  0},
 {<<"kazoo_convert">>,
  {git_subdir,"https://github.com/kageds/kazoo_core.git",
              {ref,"ed5f10a81b666935a15cf6cec72a63f5b45c5c62"},
              "apps/kazoo_convert"},
  0},
 {<<"kazoo_couch">>,
  {git_subdir,"https://github.com/kageds/kazoo_core.git",
              {ref,"ed5f10a81b666935a15cf6cec72a63f5b45c5c62"},
              "apps/kazoo_couch"},
  0},
 {<<"kazoo_csv">>,
  {git_subdir,"https://github.com/kageds/kazoo_core.git",
              {ref,"ed5f10a81b666935a15cf6cec72a63f5b45c5c62"},
              "apps/kazoo_csv"},
  0},
 {<<"kazoo_data">>,
  {git_subdir,"https://github.com/kageds/kazoo_core.git",
              {ref,"ed5f10a81b666935a15cf6cec72a63f5b45c5c62"},
              "apps/kazoo_data"},
  0},
 {<<"kazoo_documents">>,
  {git_subdir,"https://github.com/kageds/kazoo_core.git",
              {ref,"ed5f10a81b666935a15cf6cec72a63f5b45c5c62"},
              "apps/kazoo_documents"},
  0},
 {<<"kazoo_edr">>,
  {git_subdir,"https://github.com/kageds/kazoo_core.git",
              {ref,"ed5f10a81b666935a15cf6cec72a63f5b45c5c62"},
              "apps/kazoo_edr"},
  0},
 {<<"kazoo_endpoint">>,
  {git_subdir,"https://github.com/kageds/kazoo_core.git",
              {ref,"ed5f10a81b666935a15cf6cec72a63f5b45c5c62"},
              "apps/kazoo_endpoint"},
  0},
 {<<"kazoo_etsmgr">>,
  {git_subdir,"https://github.com/kageds/kazoo_core.git",
              {ref,"ed5f10a81b666935a15cf6cec72a63f5b45c5c62"},
              "apps/kazoo_etsmgr"},
  0},
 {<<"kazoo_events">>,
  {git_subdir,"https://github.com/kageds/kazoo_core.git",
              {ref,"ed5f10a81b666935a15cf6cec72a63f5b45c5c62"},
              "apps/kazoo_events"},
  0},
 {<<"kazoo_fax">>,
  {git_subdir,"https://github.com/kageds/kazoo_core.git",
              {ref,"ed5f10a81b666935a15cf6cec72a63f5b45c5c62"},
              "apps/kazoo_fax"},
  0},
 {<<"kazoo_fixturedb">>,
  {git_subdir,"https://github.com/kageds/kazoo_core.git",
              {ref,"ed5f10a81b666935a15cf6cec72a63f5b45c5c62"},
              "apps/kazoo_fixturedb"},
  0},
 {<<"kazoo_globals">>,
  {git_subdir,"https://github.com/kageds/kazoo_core.git",
              {ref,"ed5f10a81b666935a15cf6cec72a63f5b45c5c62"},
              "apps/kazoo_globals"},
  0},
 {<<"kazoo_im">>,
  {git_subdir,"https://github.com/kageds/kazoo_core.git",
              {ref,"ed5f10a81b666935a15cf6cec72a63f5b45c5c62"},
              "apps/kazoo_im"},
  0},
 {<<"kazoo_ips">>,
  {git_subdir,"https://github.com/kageds/kazoo_core.git",
              {ref,"ed5f10a81b666935a15cf6cec72a63f5b45c5c62"},
              "apps/kazoo_ips"},
  0},
 {<<"kazoo_ledgers">>,
  {git_subdir,"https://github.com/kageds/kazoo_core.git",
              {ref,"ed5f10a81b666935a15cf6cec72a63f5b45c5c62"},
              "apps/kazoo_ledgers"},
  0},
 {<<"kazoo_media">>,
  {git_subdir,"https://github.com/kageds/kazoo_core.git",
              {ref,"ed5f10a81b666935a15cf6cec72a63f5b45c5c62"},
              "apps/kazoo_media"},
  0},
 {<<"kazoo_modb">>,
  {git_subdir,"https://github.com/kageds/kazoo_core.git",
              {ref,"ed5f10a81b666935a15cf6cec72a63f5b45c5c62"},
              "apps/kazoo_modb"},
  0},
 {<<"kazoo_number_manager">>,
  {git_subdir,"https://github.com/kageds/kazoo_core.git",
              {ref,"ed5f10a81b666935a15cf6cec72a63f5b45c5c62"},
              "apps/kazoo_number_manager"},
  0},
 {<<"kazoo_oauth">>,
  {git_subdir,"https://github.com/kageds/kazoo_core.git",
              {ref,"ed5f10a81b666935a15cf6cec72a63f5b45c5c62"},
              "apps/kazoo_oauth"},
  0},
 {<<"kazoo_perf">>,
  {git_subdir,"https://github.com/kageds/kazoo_core.git",
              {ref,"ed5f10a81b666935a15cf6cec72a63f5b45c5c62"},
              "apps/kazoo_perf"},
  0},
 {<<"kazoo_proper">>,
  {git_subdir,"https://github.com/kageds/kazoo_core.git",
              {ref,"ed5f10a81b666935a15cf6cec72a63f5b45c5c62"},
              "apps/kazoo_proper"},
  0},
 {<<"kazoo_schemas">>,
  {git_subdir,"https://github.com/kageds/kazoo_core.git",
              {ref,"ed5f10a81b666935a15cf6cec72a63f5b45c5c62"},
              "apps/kazoo_schemas"},
  0},
 {<<"kazoo_services">>,
  {git_subdir,"https://github.com/kageds/kazoo_core.git",
              {ref,"ed5f10a81b666935a15cf6cec72a63f5b45c5c62"},
              "apps/kazoo_services"},
  0},
 {<<"kazoo_sip">>,
  {git_subdir,"https://github.com/kageds/kazoo_core.git",
              {ref,"ed5f10a81b666935a15cf6cec72a63f5b45c5c62"},
              "apps/kazoo_sip"},
  0},
 {<<"kazoo_speech">>,
  {git_subdir,"https://github.com/kageds/kazoo_core.git",
              {ref,"ed5f10a81b666935a15cf6cec72a63f5b45c5c62"},
              "apps/kazoo_speech"},
  0},
 {<<"kazoo_stats">>,
  {git_subdir,"https://github.com/kageds/kazoo_core.git",
              {ref,"ed5f10a81b666935a15cf6cec72a63f5b45c5c62"},
              "apps/kazoo_stats"},
  0},
 {<<"kazoo_stdlib">>,
  {git_subdir,"https://github.com/kageds/kazoo_core.git",
              {ref,"ed5f10a81b666935a15cf6cec72a63f5b45c5c62"},
              "apps/kazoo_stdlib"},
  0},
 {<<"kazoo_tasks">>,
  {git_subdir,"https://github.com/kageds/kazoo_core.git",
              {ref,"ed5f10a81b666935a15cf6cec72a63f5b45c5c62"},
              "apps/kazoo_tasks"},
  0},
 {<<"kazoo_templates">>,
  {git_subdir,"https://github.com/kageds/kazoo_core.git",
              {ref,"ed5f10a81b666935a15cf6cec72a63f5b45c5c62"},
              "apps/kazoo_templates"},
  0},
 {<<"kazoo_token_buckets">>,
  {git_subdir,"https://github.com/kageds/kazoo_core.git",
              {ref,"ed5f10a81b666935a15cf6cec72a63f5b45c5c62"},
              "apps/kazoo_token_buckets"},
  0},
 {<<"kazoo_transactions">>,
  {git_subdir,"https://github.com/kageds/kazoo_core.git",
              {ref,"ed5f10a81b666935a15cf6cec72a63f5b45c5c62"},
              "apps/kazoo_transactions"},
  0},
 {<<"kazoo_translator">>,
  {git_subdir,"https://github.com/kageds/kazoo_core.git",
              {ref,"ed5f10a81b666935a15cf6cec72a63f5b45c5c62"},
              "apps/kazoo_translator"},
  0},
 {<<"kazoo_voicemail">>,
  {git_subdir,"https://github.com/kageds/kazoo_core.git",
              {ref,"ed5f10a81b666935a15cf6cec72a63f5b45c5c62"},
              "apps/kazoo_voicemail"},
  0},
 {<<"kazoo_web">>,
  {git_subdir,"https://github.com/kageds/kazoo_core.git",
              {ref,"ed5f10a81b666935a15cf6cec72a63f5b45c5c62"},
              "apps/kazoo_web"},
  0},
 {<<"kazoo_xml">>,
  {git_subdir,"https://github.com/kageds/kazoo_core.git",
              {ref,"ed5f10a81b666935a15cf6cec72a63f5b45c5c62"},
              "apps/kazoo_xml"},
  0},
 {<<"lager">>,{pkg,<<"lager">>,<<"3.9.2">>},0},
 {<<"lager_syslog">>,
  {git,"https://github.com/erlang-lager/lager_syslog.git",
       {ref,"c59ccd421426a3d54b379e9b1f62f1f145dd5802"}},
  0},
 {<<"lhttpc">>,{pkg,<<"lhttpc">>,<<"1.6.2">>},2},
 {<<"meck">>,{pkg,<<"meck">>,<<"0.9.2">>},0},
 {<<"metrics">>,{pkg,<<"metrics">>,<<"1.0.1">>},0},
 {<<"mimerl">>,{pkg,<<"mimerl">>,<<"1.0.2">>},0},
 {<<"mustache">>,
  {git,"https://github.com/mojombo/mustache.erl.git",
       {ref,"d0246fe143058b6404f66cf99fece3ff6e87b7ed"}},
  0},
 {<<"nklib">>,
  {git,"https://github.com/NetComposer/nklib",
       {ref,"025f1b18c26839b2377fdbf5bcebbdb5d784db48"}},
  1},
 {<<"plists">>,
  {git,"https://github.com/2600hz/erlang-plists",
       {ref,"387a4a70c17eab3bbc12b0d56d61606cc53ca7d4"}},
  0},
 {<<"poolboy">>,{pkg,<<"poolboy">>,<<"1.5.2">>},0},
 {<<"proper">>,
  {git,"https://github.com/manopapad/proper",
       {ref,"5f0d69c831b6c9f52535c3d1846efca480f6190d"}},
  1},
 {<<"rabbit_common">>,{pkg,<<"rabbit_common">>,<<"3.12.14">>},2},
 {<<"ranch">>,
  {git,"https://github.com/ninenines/ranch",
       {ref,"3190aef88aea04d6dce8545fe9b4574288903f44"}},
  1},
 {<<"recon">>,{pkg,<<"recon">>,<<"2.5.3">>},3},
 {<<"rfc3339">>,
  {git,"https://github.com/andreineculau/rfc3339.git",
       {ref,"dcc77d66430490620677de8140a3415dfbd3fa61"}},
  0},
 {<<"ssl_verify_fun">>,{pkg,<<"ssl_verify_fun">>,<<"1.1.1">>},0},
 {<<"syslog">>,
  {git,"https://github.com/2600hz/erlang-syslog",
       {ref,"bbad537a1cb5e4f37e672d2e2665659e850662d0"}},
  0},
 {<<"thoas">>,{pkg,<<"thoas">>,<<"1.0.0">>},3},
 {<<"trie">>,
  {git,"https://github.com/okeuday/trie",
       {ref,"a5e4af9b528fe675273444164deb2919b72ec28f"}},
  0},
 {<<"unicode_util_compat">>,{pkg,<<"unicode_util_compat">>,<<"0.7.0">>},1},
 {<<"webseq">>,
  {git_subdir,"https://github.com/kageds/kazoo_core.git",
              {ref,"ed5f10a81b666935a15cf6cec72a63f5b45c5c62"},
              "apps/webseq"},
  0},
 {<<"wsecli">>,
  {git,"https://github.com/esl/wsecli.git",
       {ref,"a89054cf71c5ee9e780998e5acb2a78fd3419dd9"}},
  0},
 {<<"wsock">>,
  {git,"https://github.com/esl/wsock",
       {ref,"251e18b80c018bb5a6e2f1bbd9bcfcc92e1d9383"}},
  1},
 {<<"zucchini">>,
  {git,"https://github.com/devinus/zucchini",
       {ref,"429c9e0f9f67911c1825fbebff7d0fdc59e56b90"}},
  0}]}.
[
{pkg_hash,[
 {<<"amqp_client">>, <<"2B677BC3F2E2234BA7517042B25D72071A79735042E91F9116BD3C176854B622">>},
 {<<"base16">>, <<"283644E2B21BD5915ACB7178BED7851FB07C6E5749B8FAD68A53C501092176D9">>},
 {<<"base64url">>, <<"36A90125F5948E3AFD7BE97662A1504B934DD5DAC78451CA6E9ABF85A10286BE">>},
 {<<"bear">>, <<"430419C1126B477686CDE843E88BA0F2C7DC5CDF0881C677500074F704339A99">>},
 {<<"certifi">>, <<"861A57F3808F7EB0C2D1802AFEAAE0FA5DE813B0DF0979153CBAFCD853ABABAF">>},
 {<<"credentials_obfuscation">>, <<"34E18B126B3AEFD6E8143776FBE1CECEEA6792307C99AC5EE8687911F048CFD7">>},
 {<<"eini">>, <<"98E4988474FAAF821E3511579090AF989096ADBDB5F7BFAA03AA0A9AC80296B2">>},
 {<<"erlang_localtime">>, <<"497DFD4D13523D3E0EECDCB8D6D59857CF642A17A6BDC6133FF906FDAF2AEF21">>},
 {<<"erlydtl">>, <<"964B2DC84F8C17ACFAA69C59BA129EF26AC45D2BA898C3C6AD9B5BDC8BA13CED">>},
 {<<"folsom">>, <<"50ECC998D2149939F1D5E0AA3E32788F8ED16A58E390D81B5C0BE4CC4EF25589">>},
 {<<"goldrush">>, <<"F06E5D5F1277DA5C413E84D5A2924174182FB108DABB39D5EC548B27424CD106">>},
 {<<"gproc">>, <<"AA9EC57F6C9FF065B16D96924168D7C7157CD1FD457680EFE4B1274F456FA500">>},
 {<<"gun">>, <<"18E5D269649C987AF95AEC309F68A27FFC3930531DD227A6EAA0884D6684286E">>},
 {<<"hackney">>, <<"6363480405AE4B1D03D6233F32792F0C3CF765396CFDB7E1D07CAB3D3E41C53C">>},
 {<<"idna">>, <<"8A63070E9F7D0C62EB9D9FCB360A7DE382448200FBBD1B106CC96D3D8099DF8D">>},
 {<<"jiffy">>, <<"A9B6C9A7EC268E7CF493D028F0A4C9144F59CCB878B1AFE42841597800840A1B">>},
 {<<"jsx">>, <<"749BEC6D205C694AE1786D62CEA6CC45A390437E24835FD16D12D74F07097727">>},
 {<<"lager">>, <<"4CAB289120EB24964E3886BD22323CB5FEFE4510C076992A23AD18CF85413D8C">>},
 {<<"lhttpc">>, <<"044F16F0018C7AA7E945E9E9406C7F6035E0B8BC08BF77B00C78CE260E1071E3">>},
 {<<"meck">>, <<"85CCBAB053F1DB86C7CA240E9FC718170EE5BDA03810A6292B5306BF31BAE5F5">>},
 {<<"metrics">>, <<"25F094DEA2CDA98213CECC3AEFF09E940299D950904393B2A29D191C346A8486">>},
 {<<"mimerl">>, <<"993F9B0E084083405ED8252B99460C4F0563E41729AB42D9074FD5E52439BE88">>},
 {<<"poolboy">>, <<"392B007A1693A64540CEAD79830443ABF5762F5D30CF50BC95CB2C1AAAFA006B">>},
 {<<"rabbit_common">>, <<"466123EE7346A3CDAC078C0C302BCD36DA4523E8ACD678C1B992F7B4DF1F7914">>},
 {<<"recon">>, <<"739107B9050EA683C30E96DE050BC59248FD27EC147696F79A8797FF9FA17153">>},
 {<<"ssl_verify_fun">>, <<"28A4D65B7F59893BC2C7DE786DEC1E1555BD742D336043FE644AE956C3497FBE">>},
 {<<"thoas">>, <<"567C03902920827A18A89F05B79A37B5BF93553154B883E0131801600CF02CE0">>},
 {<<"unicode_util_compat">>, <<"BC84380C9AB48177092F43AC89E4DFA2C6D62B40B8BD132B1059ECC7232F9A78">>}]},
{pkg_hash_ext,[
 {<<"amqp_client">>, <<"5F70B6C3B1A739790080DA4FDDC94A867E99F033C4B1EDC20D6FF8B8FB4BD160">>},
 {<<"base16">>, <<"02AFD0827E61A7B07093873E063575CA3A2B07520567C7F8CEC7C5D42F052D76">>},
 {<<"base64url">>, <<"FAB09B20E3F5DB886725544CBCF875B8E73EC93363954EB8A1A9ED834AA8C1F9">>},
 {<<"bear">>, <<"157B67901ADF84FF0DA6EAE035CA1292A0AC18AA55148154D8C582B2C68959DB">>},
 {<<"certifi">>, <<"F7182E85B4ECE9D1371C46699793DD3DEE8F2C55BE3F6967A6B84B8C02BAB7D2">>},
 {<<"credentials_obfuscation">>, <<"738ACE0ED5545D2710D3F7383906FC6F6B582D019036E5269C4DBD85DBCED566">>},
 {<<"eini">>, <<"454EA3DC442B82ED5F1EF15BE712B20AA2206BD13AFA5BA497F929F7E11E6D3A">>},
 {<<"erlang_localtime">>, <<"46E3F7B18477B377EC71F9DCD91C4D30FE82A128FFA9F89BE1595D4D08414844">>},
 {<<"erlydtl">>, <<"D80EC044CD8F58809C19D29AC5605BE09E955040911B644505E31E9DD8143431">>},
 {<<"folsom">>, <<"DD6AB97278E94F9E4CFC43E188224A7B8C7EAEC0DD2E935007005177F3EEBB0E">>},
 {<<"goldrush">>, <<"99CB4128CFFCB3227581E5D4D803D5413FA643F4EB96523F77D9E6937D994CEB">>},
 {<<"gproc">>, <<"109F253C2787DE8A371A51179D4973230CBEC6239EE673FA12216A5CE7E4F902">>},
 {<<"gun">>, <<"279D089773BE9886FC2ED0D0C25663CC36B8755356DFD27D63C206AB20B8329A">>},
 {<<"hackney">>, <<"B38A83086A91F4CBDDA796D193BEF29917C1F48B5131C7CEF057A31AD8535233">>},
 {<<"idna">>, <<"92376EB7894412ED19AC475E4A86F7B413C1B9FBB5BD16DCCD57934157944CEA">>},
 {<<"jiffy">>, <<"BB61BC42A720BBD33CB09A410E48BB79A61012C74CB8B3E75F26D988485CF381">>},
 {<<"jsx">>, <<"A8BA15D5BAC2C48B2BE1224A0542AD794538D79E2CC16841A4E24CA75F0F8378">>},
 {<<"lager">>, <<"7F904D9E87A8CB7E66156ED31768D1C8E26EBA1D54F4BC85B1AA4AC1F6340C28">>},
 {<<"lhttpc">>, <<"76B5FA6149D1E10D4B1FBC4EBD51D371DB19C1AB9F0A9ECF5B526440DF064E97">>},
 {<<"meck">>, <<"81344F561357DC40A8344AFA53767C32669153355B626EA9FCBC8DA6B3045826">>},
 {<<"metrics">>, <<"69B09ADDDC4F74A40716AE54D140F93BEB0FB8978D8636EADED0C31B6F099F16">>},
 {<<"mimerl">>, <<"7A4C8E1115A2732A67D7624E28CF6C9F30C66711A9E92928E745C255887BA465">>},
 {<<"poolboy">>, <<"DAD79704CE5440F3D5A3681C8590B9DC25D1A561E8F5A9C995281012860901E3">>},
 {<<"rabbit_common">>, <<"70C31A51F7401CC0204DDEF2745D98680C2E0DF67E3B0C9E198916881FDE3293">>},
 {<<"recon">>, <<"6C6683F46FD4A1DFD98404B9F78DCABC7FCD8826613A89DCB984727A8C3099D7">>},
 {<<"ssl_verify_fun">>, <<"4F8805EB5C8A939CF2359367CB651A3180B27DFB48444846BE2613D79355D65E">>},
 {<<"thoas">>, <<"FC763185B932ECB32A554FB735EE03C3B6B1B31366077A2427D2A97F3BD26735">>},
 {<<"unicode_util_compat">>, <<"25EEE6D67DF61960CF6A794239566599B09E17E668D3700247BC498638152521">>}]}
].
